
Microsoft Visual Studio Solution File, Format Version 12.00
# Visual Studio Version 17
VisualStudioVersion = 17.14.36915.13 d17.14
MinimumVisualStudioVersion = 10.0.40219.1
Project("{888888A0-9F3D-457C-B088-3A5042F75D52}") = "myFristRobotPt4", "myFristRobotPt4.pyproj", "{4C78C50C-62B8-4C0B-AC4D-30064057DAB7}"
EndProject
Global
	GlobalSection(SolutionConfigurationPlatforms) = preSolution
		Debug|Any CPU = Debug|Any CPU
		Release|Any CPU = Release|Any CPU
	EndGlobalSection
	GlobalSection(ProjectConfigurationPlatforms) = postSolution
		{4C78C50C-62B8-4C0B-AC4D-30064057DAB7}.Debug|Any CPU.ActiveCfg = Debug|Any CPU
		{4C78C50C-62B8-4C0B-AC4D-30064057DAB7}.Release|Any CPU.ActiveCfg = Release|Any CPU
	EndGlobalSection
	GlobalSection(SolutionProperties) = preSolution
		HideSolutionNode = FALSE
	EndGlobalSection
	GlobalSection(ExtensibilityGlobals) = postSolution
		SolutionGuid = {4D0D8FFC-BC4A-4622-B940-AB9E075C6912}
	EndGlobalSection
EndGlobal
